
Microsoft Visual Studio Solution File, Format Version 12.00
# Visual Studio Version 17
VisualStudioVersion = 17.14.36518.9 d17.14
MinimumVisualStudioVersion = 10.0.40219.1
Project("{FAE04EC0-301F-11D3-BF4B-00C04F79EFBC}") = "WebSite.Api", "WebSite.Api\WebSite.Api.csproj", "{8C758C40-3153-4BD3-84B3-1CE4282A6658}"
EndProject
Global
	GlobalSection(SolutionConfigurationPlatforms) = preSolution
		Debug|Any CPU = Debug|Any CPU
		Release|Any CPU = Release|Any CPU
	EndGlobalSection
	GlobalSection(ProjectConfigurationPlatforms) = postSolution
		{8C758C40-3153-4BD3-84B3-1CE4282A6658}.Debug|Any CPU.ActiveCfg = Debug|Any CPU
		{8C758C40-3153-4BD3-84B3-1CE4282A6658}.Debug|Any CPU.Build.0 = Debug|Any CPU
		{8C758C40-3153-4BD3-84B3-1CE4282A6658}.Release|Any CPU.ActiveCfg = Release|Any CPU
		{8C758C40-3153-4BD3-84B3-1CE4282A6658}.Release|Any CPU.Build.0 = Release|Any CPU
	EndGlobalSection
	GlobalSection(SolutionProperties) = preSolution
		HideSolutionNode = FALSE
	EndGlobalSection
	GlobalSection(ExtensibilityGlobals) = postSolution
		SolutionGuid = {600084ED-E03A-41E7-AD40-E82B6FB40063}
	EndGlobalSection
EndGlobal
